
Microsoft Visual Studio Solution File, Format Version 12.00
# Visual Studio Version 16
VisualStudioVersion = 16.0.29728.190
MinimumVisualStudioVersion = 10.0.40219.1
Project("{9A19103F-16F7-4668-BE54-9A1E7A4F7556}") = "CustomUser", "CustomUser\CustomUser.csproj", "{F8FE716F-B7F6-47CD-9FBD-10FD74599F92}"
EndProject
Global
	GlobalSection(SolutionConfigurationPlatforms) = preSolution
		Debug|Any CPU = Debug|Any CPU
		Release|Any CPU = Release|Any CPU
	EndGlobalSection
	GlobalSection(ProjectConfigurationPlatforms) = postSolution
		{F8FE716F-B7F6-47CD-9FBD-10FD74599F92}.Debug|Any CPU.ActiveCfg = Debug|Any CPU
		{F8FE716F-B7F6-47CD-9FBD-10FD74599F92}.Debug|Any CPU.Build.0 = Debug|Any CPU
		{F8FE716F-B7F6-47CD-9FBD-10FD74599F92}.Release|Any CPU.ActiveCfg = Release|Any CPU
		{F8FE716F-B7F6-47CD-9FBD-10FD74599F92}.Release|Any CPU.Build.0 = Release|Any CPU
	EndGlobalSection
	GlobalSection(SolutionProperties) = preSolution
		HideSolutionNode = FALSE
	EndGlobalSection
	GlobalSection(ExtensibilityGlobals) = postSolution
		SolutionGuid = {522CBF67-EA76-4BA4-956D-F687FCAF6489}
	EndGlobalSection
EndGlobal
