
Microsoft Visual Studio Solution File, Format Version 12.00
# Visual Studio Version 16
VisualStudioVersion = 16.0.29025.244
MinimumVisualStudioVersion = 10.0.40219.1
Project("{FAE04EC0-301F-11D3-BF4B-00C04F79EFBC}") = "BethanysPieShop", "BethanysPieShop\BethanysPieShop.csproj", "{D3226637-9A59-45DA-893E-925337F21794}"
EndProject
Global
	GlobalSection(SolutionConfigurationPlatforms) = preSolution
		Debug|Any CPU = Debug|Any CPU
		Release|Any CPU = Release|Any CPU
	EndGlobalSection
	GlobalSection(ProjectConfigurationPlatforms) = postSolution
		{D3226637-9A59-45DA-893E-925337F21794}.Debug|Any CPU.ActiveCfg = Debug|Any CPU
		{D3226637-9A59-45DA-893E-925337F21794}.Debug|Any CPU.Build.0 = Debug|Any CPU
		{D3226637-9A59-45DA-893E-925337F21794}.Release|Any CPU.ActiveCfg = Release|Any CPU
		{D3226637-9A59-45DA-893E-925337F21794}.Release|Any CPU.Build.0 = Release|Any CPU
	EndGlobalSection
	GlobalSection(SolutionProperties) = preSolution
		HideSolutionNode = FALSE
	EndGlobalSection
	GlobalSection(ExtensibilityGlobals) = postSolution
		SolutionGuid = {C80D8E05-FA18-47DD-A8EC-DD51AE28D5A2}
	EndGlobalSection
EndGlobal
