
Microsoft Visual Studio Solution File, Format Version 12.00
# Visual Studio Version 16
VisualStudioVersion = 16.0.28922.388
MinimumVisualStudioVersion = 10.0.40219.1
Project("{9A19103F-16F7-4668-BE54-9A1E7A4F7556}") = "OdeToFood", "OdeToFood\OdeToFood.csproj", "{90E1F79D-6669-437B-B3E2-B70D43060C2F}"
EndProject
Project("{FAE04EC0-301F-11D3-BF4B-00C04F79EFBC}") = "OdeToFood.Core", "OdeToFood.Core\OdeToFood.Core.csproj", "{411B2DB2-1CA3-44BD-911B-0B9149CED042}"
EndProject
Project("{FAE04EC0-301F-11D3-BF4B-00C04F79EFBC}") = "OdeToFood.Data", "OdeToFood.Data\OdeToFood.Data.csproj", "{D47F44A1-B855-4622-BAEB-82F80053D7FE}"
EndProject
Global
	GlobalSection(SolutionConfigurationPlatforms) = preSolution
		Debug|Any CPU = Debug|Any CPU
		Release|Any CPU = Release|Any CPU
	EndGlobalSection
	GlobalSection(ProjectConfigurationPlatforms) = postSolution
		{90E1F79D-6669-437B-B3E2-B70D43060C2F}.Debug|Any CPU.ActiveCfg = Debug|Any CPU
		{90E1F79D-6669-437B-B3E2-B70D43060C2F}.Debug|Any CPU.Build.0 = Debug|Any CPU
		{90E1F79D-6669-437B-B3E2-B70D43060C2F}.Release|Any CPU.ActiveCfg = Release|Any CPU
		{90E1F79D-6669-437B-B3E2-B70D43060C2F}.Release|Any CPU.Build.0 = Release|Any CPU
		{411B2DB2-1CA3-44BD-911B-0B9149CED042}.Debug|Any CPU.ActiveCfg = Debug|Any CPU
		{411B2DB2-1CA3-44BD-911B-0B9149CED042}.Debug|Any CPU.Build.0 = Debug|Any CPU
		{411B2DB2-1CA3-44BD-911B-0B9149CED042}.Release|Any CPU.ActiveCfg = Release|Any CPU
		{411B2DB2-1CA3-44BD-911B-0B9149CED042}.Release|Any CPU.Build.0 = Release|Any CPU
		{D47F44A1-B855-4622-BAEB-82F80053D7FE}.Debug|Any CPU.ActiveCfg = Debug|Any CPU
		{D47F44A1-B855-4622-BAEB-82F80053D7FE}.Debug|Any CPU.Build.0 = Debug|Any CPU
		{D47F44A1-B855-4622-BAEB-82F80053D7FE}.Release|Any CPU.ActiveCfg = Release|Any CPU
		{D47F44A1-B855-4622-BAEB-82F80053D7FE}.Release|Any CPU.Build.0 = Release|Any CPU
	EndGlobalSection
	GlobalSection(SolutionProperties) = preSolution
		HideSolutionNode = FALSE
	EndGlobalSection
	GlobalSection(ExtensibilityGlobals) = postSolution
		SolutionGuid = {944DB3FB-7612-4980-A7B4-1EBE9479AC07}
	EndGlobalSection
EndGlobal
